
Microsoft Visual Studio Solution File, Format Version 12.00
# Visual Studio Version 17
VisualStudioVersion = 17.13.35818.85
MinimumVisualStudioVersion = 10.0.40219.1
Project("{FAE04EC0-301F-11D3-BF4B-00C04F79EFBC}") = "UserManagement.API", "UserManagement.API\UserManagement.API.csproj", "{19C79EB2-5B04-4E39-B57B-BEAE664E62F5}"
EndProject
Project("{FAE04EC0-301F-11D3-BF4B-00C04F79EFBC}") = "UserManagement.Domain", "UserManagement.Domain\UserManagement.Domain.csproj", "{59B4691E-F702-46E9-9205-9A3B2F9CAA8C}"
EndProject
Project("{FAE04EC0-301F-11D3-BF4B-00C04F79EFBC}") = "UserManagement.Infrastructure", "UserManagement.Infrastructure\UserManagement.Infrastructure.csproj", "{BE5C9FBC-9ECB-4485-ADCE-2D894757E7DA}"
EndProject
Project("{FAE04EC0-301F-11D3-BF4B-00C04F79EFBC}") = "UserManagement.Application", "UserManagement.Application\UserManagement.Application.csproj", "{858A9F94-98AF-499C-8BE5-3BFB5DA9B018}"
EndProject
Project("{FAE04EC0-301F-11D3-BF4B-00C04F79EFBC}") = "UserManagement.Tests", "UserManagement.Tests\UserManagement.Tests.csproj", "{0049909C-C960-4C37-A9FA-95D09CC9DB73}"
EndProject
Global
	GlobalSection(SolutionConfigurationPlatforms) = preSolution
		Debug|Any CPU = Debug|Any CPU
		Release|Any CPU = Release|Any CPU
	EndGlobalSection
	GlobalSection(ProjectConfigurationPlatforms) = postSolution
		{19C79EB2-5B04-4E39-B57B-BEAE664E62F5}.Debug|Any CPU.ActiveCfg = Debug|Any CPU
		{19C79EB2-5B04-4E39-B57B-BEAE664E62F5}.Debug|Any CPU.Build.0 = Debug|Any CPU
		{19C79EB2-5B04-4E39-B57B-BEAE664E62F5}.Release|Any CPU.ActiveCfg = Release|Any CPU
		{19C79EB2-5B04-4E39-B57B-BEAE664E62F5}.Release|Any CPU.Build.0 = Release|Any CPU
		{59B4691E-F702-46E9-9205-9A3B2F9CAA8C}.Debug|Any CPU.ActiveCfg = Debug|Any CPU
		{59B4691E-F702-46E9-9205-9A3B2F9CAA8C}.Debug|Any CPU.Build.0 = Debug|Any CPU
		{59B4691E-F702-46E9-9205-9A3B2F9CAA8C}.Release|Any CPU.ActiveCfg = Release|Any CPU
		{59B4691E-F702-46E9-9205-9A3B2F9CAA8C}.Release|Any CPU.Build.0 = Release|Any CPU
		{BE5C9FBC-9ECB-4485-ADCE-2D894757E7DA}.Debug|Any CPU.ActiveCfg = Debug|Any CPU
		{BE5C9FBC-9ECB-4485-ADCE-2D894757E7DA}.Debug|Any CPU.Build.0 = Debug|Any CPU
		{BE5C9FBC-9ECB-4485-ADCE-2D894757E7DA}.Release|Any CPU.ActiveCfg = Release|Any CPU
		{BE5C9FBC-9ECB-4485-ADCE-2D894757E7DA}.Release|Any CPU.Build.0 = Release|Any CPU
		{858A9F94-98AF-499C-8BE5-3BFB5DA9B018}.Debug|Any CPU.ActiveCfg = Debug|Any CPU
		{858A9F94-98AF-499C-8BE5-3BFB5DA9B018}.Debug|Any CPU.Build.0 = Debug|Any CPU
		{858A9F94-98AF-499C-8BE5-3BFB5DA9B018}.Release|Any CPU.ActiveCfg = Release|Any CPU
		{858A9F94-98AF-499C-8BE5-3BFB5DA9B018}.Release|Any CPU.Build.0 = Release|Any CPU
		{0049909C-C960-4C37-A9FA-95D09CC9DB73}.Debug|Any CPU.ActiveCfg = Debug|Any CPU
		{0049909C-C960-4C37-A9FA-95D09CC9DB73}.Debug|Any CPU.Build.0 = Debug|Any CPU
		{0049909C-C960-4C37-A9FA-95D09CC9DB73}.Release|Any CPU.ActiveCfg = Release|Any CPU
		{0049909C-C960-4C37-A9FA-95D09CC9DB73}.Release|Any CPU.Build.0 = Release|Any CPU
	EndGlobalSection
	GlobalSection(SolutionProperties) = preSolution
		HideSolutionNode = FALSE
	EndGlobalSection
	GlobalSection(ExtensibilityGlobals) = postSolution
		SolutionGuid = {DB521DE8-592E-492D-BB6B-C77E156A69F7}
	EndGlobalSection
EndGlobal
